// !$*UTF8*$!
{
	archiveVersion = 1;
	classes = {
	};
	objectVersion = 77;
	objects = {

/* Begin PBXBuildFile section */
		6A1B2C3D4E5F600100000001 /* TripApp.swift in Sources */ = {isa = PBXBuildFile; fileRef = 6A1B2C3D4E5F600100000011 /* TripApp.swift */; };
		6A1B2C3D4E5F600100000002 /* ContentView.swift in Sources */ = {isa = PBXBuildFile; fileRef = 6A1B2C3D4E5F600100000012 /* ContentView.swift */; };
		6A1B2C3D4E5F600100000003 /* Models.swift in Sources */ = {isa = PBXBuildFile; fileRef = 6A1B2C3D4E5F600100000013 /* Models.swift */; };
		6A1B2C3D4E5F600100000004 /* ItineraryData.swift in Sources */ = {isa = PBXBuildFile; fileRef = 6A1B2C3D4E5F600100000014 /* ItineraryData.swift */; };
		6A1B2C3D4E5F600100000005 /* Assets.xcassets in Resources */ = {isa = PBXBuildFile; fileRef = 6A1B2C3D4E5F600100000015 /* Assets.xcassets */; };
		6A1B2C3D4E5F6001000000B0 /* TripWorkspaceViews.swift in Sources */ = {isa = PBXBuildFile; fileRef = 6A1B2C3D4E5F6001000000C0 /* TripWorkspaceViews.swift */; };
		6A1B2C3D4E5F6001000000B1 /* PlanViews.swift in Sources */ = {isa = PBXBuildFile; fileRef = 6A1B2C3D4E5F6001000000C1 /* PlanViews.swift */; };
		6A1B2C3D4E5F6001000000B2 /* TripsViews.swift in Sources */ = {isa = PBXBuildFile; fileRef = 6A1B2C3D4E5F6001000000C2 /* TripsViews.swift */; };
		6A1B2C3D4E5F6001000000B3 /* ExpenseViews.swift in Sources */ = {isa = PBXBuildFile; fileRef = 6A1B2C3D4E5F6001000000C3 /* ExpenseViews.swift */; };
		6A1B2C3D4E5F6001000000B4 /* AppStyle.swift in Sources */ = {isa = PBXBuildFile; fileRef = 6A1B2C3D4E5F6001000000C4 /* AppStyle.swift */; };
		6A1B2C3D4E5F6001000000B5 /* CitySearchStore.swift in Sources */ = {isa = PBXBuildFile; fileRef = 6A1B2C3D4E5F6001000000C5 /* CitySearchStore.swift */; };
		6A1B2C3D4E5F600100000090 /* TripWidget.appex in Embed App Extensions */ = {isa = PBXBuildFile; fileRef = 6A1B2C3D4E5F600100000091 /* TripWidget.appex */; settings = {ATTRIBUTES = (RemoveHeadersOnCopy, ); }; };
		6A1B2C3D4E5F600100000092 /* TripWidget.swift in Sources */ = {isa = PBXBuildFile; fileRef = 6A1B2C3D4E5F600100000093 /* TripWidget.swift */; };
		6A1B2C3D4E5F600100000094 /* Models.swift in Sources */ = {isa = PBXBuildFile; fileRef = 6A1B2C3D4E5F600100000013 /* Models.swift */; };
		6A1B2C3D4E5F600100000095 /* ItineraryData.swift in Sources */ = {isa = PBXBuildFile; fileRef = 6A1B2C3D4E5F600100000014 /* ItineraryData.swift */; };
/* End PBXBuildFile section */

/* Begin PBXContainerItemProxy section */
		6A1B2C3D4E5F600100000096 /* PBXContainerItemProxy */ = {
			isa = PBXContainerItemProxy;
			containerPortal = 6A1B2C3D4E5F600100000060 /* Project object */;
			proxyType = 1;
			remoteGlobalIDString = 6A1B2C3D4E5F600100000097;
			remoteInfo = TripWidget;
		};
/* End PBXContainerItemProxy section */

/* Begin PBXCopyFilesBuildPhase section */
		6A1B2C3D4E5F600100000098 /* Embed App Extensions */ = {
			isa = PBXCopyFilesBuildPhase;
			buildActionMask = 2147483647;
			dstPath = "";
			dstSubfolderSpec = 13;
			files = (
				6A1B2C3D4E5F600100000090 /* TripWidget.appex in Embed App Extensions */,
			);
			name = "Embed App Extensions";
			runOnlyForDeploymentPostprocessing = 0;
		};
/* End PBXCopyFilesBuildPhase section */

/* Begin PBXFileReference section */
		6A1B2C3D4E5F600100000006 /* Trip.app */ = {isa = PBXFileReference; explicitFileType = wrapper.application; includeInIndex = 0; path = Trip.app; sourceTree = BUILT_PRODUCTS_DIR; };
		6A1B2C3D4E5F600100000011 /* TripApp.swift */ = {isa = PBXFileReference; lastKnownFileType = sourcecode.swift; path = TripApp.swift; sourceTree = "<group>"; };
		6A1B2C3D4E5F600100000012 /* ContentView.swift */ = {isa = PBXFileReference; lastKnownFileType = sourcecode.swift; path = ContentView.swift; sourceTree = "<group>"; };
		6A1B2C3D4E5F600100000013 /* Models.swift */ = {isa = PBXFileReference; lastKnownFileType = sourcecode.swift; path = Models.swift; sourceTree = "<group>"; };
		6A1B2C3D4E5F600100000014 /* ItineraryData.swift */ = {isa = PBXFileReference; lastKnownFileType = sourcecode.swift; path = ItineraryData.swift; sourceTree = "<group>"; };
		6A1B2C3D4E5F600100000015 /* Assets.xcassets */ = {isa = PBXFileReference; lastKnownFileType = folder.assetcatalog; path = Assets.xcassets; sourceTree = "<group>"; };
		6A1B2C3D4E5F6001000000C0 /* TripWorkspaceViews.swift */ = {isa = PBXFileReference; lastKnownFileType = sourcecode.swift; path = TripWorkspaceViews.swift; sourceTree = "<group>"; };
		6A1B2C3D4E5F6001000000C1 /* PlanViews.swift */ = {isa = PBXFileReference; lastKnownFileType = sourcecode.swift; path = PlanViews.swift; sourceTree = "<group>"; };
		6A1B2C3D4E5F6001000000C2 /* TripsViews.swift */ = {isa = PBXFileReference; lastKnownFileType = sourcecode.swift; path = TripsViews.swift; sourceTree = "<group>"; };
		6A1B2C3D4E5F6001000000C3 /* ExpenseViews.swift */ = {isa = PBXFileReference; lastKnownFileType = sourcecode.swift; path = ExpenseViews.swift; sourceTree = "<group>"; };
		6A1B2C3D4E5F6001000000C4 /* AppStyle.swift */ = {isa = PBXFileReference; lastKnownFileType = sourcecode.swift; path = AppStyle.swift; sourceTree = "<group>"; };
		6A1B2C3D4E5F6001000000C5 /* CitySearchStore.swift */ = {isa = PBXFileReference; lastKnownFileType = sourcecode.swift; path = CitySearchStore.swift; sourceTree = "<group>"; };
		6A1B2C3D4E5F600100000091 /* TripWidget.appex */ = {isa = PBXFileReference; explicitFileType = "wrapper.app-extension"; includeInIndex = 0; path = TripWidget.appex; sourceTree = BUILT_PRODUCTS_DIR; };
		6A1B2C3D4E5F600100000093 /* TripWidget.swift */ = {isa = PBXFileReference; lastKnownFileType = sourcecode.swift; path = TripWidget.swift; sourceTree = "<group>"; };
		6A1B2C3D4E5F6001000000A1 /* Info.plist */ = {isa = PBXFileReference; lastKnownFileType = text.plist.xml; path = Info.plist; sourceTree = "<group>"; };
		6A1B2C3D4E5F6001000000A4 /* Trip.entitlements */ = {isa = PBXFileReference; lastKnownFileType = text.plist.entitlements; path = Trip.entitlements; sourceTree = "<group>"; };
		6A1B2C3D4E5F6001000000A5 /* TripWidget.entitlements */ = {isa = PBXFileReference; lastKnownFileType = text.plist.entitlements; path = TripWidget.entitlements; sourceTree = "<group>"; };
/* End PBXFileReference section */

/* Begin PBXFrameworksBuildPhase section */
		6A1B2C3D4E5F600100000021 /* Frameworks */ = {
			isa = PBXFrameworksBuildPhase;
			buildActionMask = 2147483647;
			files = (
			);
			runOnlyForDeploymentPostprocessing = 0;
		};
		6A1B2C3D4E5F600100000099 /* Frameworks */ = {
			isa = PBXFrameworksBuildPhase;
			buildActionMask = 2147483647;
			files = (
			);
			runOnlyForDeploymentPostprocessing = 0;
		};
/* End PBXFrameworksBuildPhase section */

/* Begin PBXGroup section */
		6A1B2C3D4E5F600100000030 = {
			isa = PBXGroup;
			children = (
				6A1B2C3D4E5F600100000031 /* Trip */,
				6A1B2C3D4E5F60010000009A /* TripWidget */,
				6A1B2C3D4E5F600100000032 /* Products */,
			);
			sourceTree = "<group>";
		};
		6A1B2C3D4E5F600100000031 /* Trip */ = {
			isa = PBXGroup;
			children = (
				6A1B2C3D4E5F600100000011 /* TripApp.swift */,
				6A1B2C3D4E5F600100000012 /* ContentView.swift */,
				6A1B2C3D4E5F6001000000D0 /* Features */,
				6A1B2C3D4E5F6001000000D5 /* Shared */,
				6A1B2C3D4E5F600100000013 /* Models.swift */,
				6A1B2C3D4E5F600100000014 /* ItineraryData.swift */,
				6A1B2C3D4E5F6001000000A4 /* Trip.entitlements */,
				6A1B2C3D4E5F600100000015 /* Assets.xcassets */,
			);
			path = Trip;
			sourceTree = "<group>";
		};
		6A1B2C3D4E5F6001000000D0 /* Features */ = {
			isa = PBXGroup;
			children = (
				6A1B2C3D4E5F6001000000D1 /* AppShell */,
				6A1B2C3D4E5F6001000000D2 /* Plan */,
				6A1B2C3D4E5F6001000000D3 /* Trips */,
				6A1B2C3D4E5F6001000000D4 /* Expenses */,
			);
			path = Features;
			sourceTree = "<group>";
		};
		6A1B2C3D4E5F6001000000D1 /* AppShell */ = {
			isa = PBXGroup;
			children = (
				6A1B2C3D4E5F6001000000C0 /* TripWorkspaceViews.swift */,
			);
			path = AppShell;
			sourceTree = "<group>";
		};
		6A1B2C3D4E5F6001000000D2 /* Plan */ = {
			isa = PBXGroup;
			children = (
				6A1B2C3D4E5F6001000000C1 /* PlanViews.swift */,
			);
			path = Plan;
			sourceTree = "<group>";
		};
		6A1B2C3D4E5F6001000000D3 /* Trips */ = {
			isa = PBXGroup;
			children = (
				6A1B2C3D4E5F6001000000C2 /* TripsViews.swift */,
			);
			path = Trips;
			sourceTree = "<group>";
		};
		6A1B2C3D4E5F6001000000D4 /* Expenses */ = {
			isa = PBXGroup;
			children = (
				6A1B2C3D4E5F6001000000C3 /* ExpenseViews.swift */,
			);
			path = Expenses;
			sourceTree = "<group>";
		};
		6A1B2C3D4E5F6001000000D5 /* Shared */ = {
			isa = PBXGroup;
			children = (
				6A1B2C3D4E5F6001000000C4 /* AppStyle.swift */,
				6A1B2C3D4E5F6001000000C5 /* CitySearchStore.swift */,
			);
			path = Shared;
			sourceTree = "<group>";
		};
		6A1B2C3D4E5F600100000032 /* Products */ = {
			isa = PBXGroup;
			children = (
				6A1B2C3D4E5F600100000006 /* Trip.app */,
				6A1B2C3D4E5F600100000091 /* TripWidget.appex */,
			);
			name = Products;
			sourceTree = "<group>";
		};
		6A1B2C3D4E5F60010000009A /* TripWidget */ = {
			isa = PBXGroup;
			children = (
				6A1B2C3D4E5F600100000093 /* TripWidget.swift */,
				6A1B2C3D4E5F6001000000A1 /* Info.plist */,
				6A1B2C3D4E5F6001000000A5 /* TripWidget.entitlements */,
			);
			path = TripWidget;
			sourceTree = "<group>";
		};
/* End PBXGroup section */

/* Begin PBXNativeTarget section */
		6A1B2C3D4E5F600100000040 /* Trip */ = {
			isa = PBXNativeTarget;
			buildConfigurationList = 6A1B2C3D4E5F600100000050 /* Build configuration list for PBXNativeTarget "Trip" */;
			buildPhases = (
				6A1B2C3D4E5F600100000041 /* Sources */,
				6A1B2C3D4E5F600100000021 /* Frameworks */,
				6A1B2C3D4E5F600100000042 /* Resources */,
				6A1B2C3D4E5F600100000098 /* Embed App Extensions */,
				6A1B2C3D4E5F6001000000A3 /* Clean App Signing Attributes */,
			);
			buildRules = (
			);
			dependencies = (
				6A1B2C3D4E5F60010000009B /* PBXTargetDependency */,
			);
			name = Trip;
			productName = Trip;
			productReference = 6A1B2C3D4E5F600100000006 /* Trip.app */;
			productType = "com.apple.product-type.application";
		};
		6A1B2C3D4E5F600100000097 /* TripWidget */ = {
			isa = PBXNativeTarget;
			buildConfigurationList = 6A1B2C3D4E5F60010000009C /* Build configuration list for PBXNativeTarget "TripWidget" */;
			buildPhases = (
				6A1B2C3D4E5F60010000009D /* Sources */,
				6A1B2C3D4E5F600100000099 /* Frameworks */,
				6A1B2C3D4E5F60010000009E /* Resources */,
				6A1B2C3D4E5F6001000000A2 /* Clean Widget Signing Attributes */,
			);
			buildRules = (
			);
			dependencies = (
			);
			name = TripWidget;
			productName = TripWidget;
			productReference = 6A1B2C3D4E5F600100000091 /* TripWidget.appex */;
			productType = "com.apple.product-type.app-extension";
		};
/* End PBXNativeTarget section */

/* Begin PBXProject section */
		6A1B2C3D4E5F600100000060 /* Project object */ = {
			isa = PBXProject;
			attributes = {
				BuildIndependentTargetsInParallel = 1;
				LastSwiftUpdateCheck = 2600;
				LastUpgradeCheck = 2600;
				TargetAttributes = {
					6A1B2C3D4E5F600100000040 = {
						CreatedOnToolsVersion = 26.0;
					};
					6A1B2C3D4E5F600100000097 = {
						CreatedOnToolsVersion = 26.0;
					};
				};
			};
			buildConfigurationList = 6A1B2C3D4E5F600100000061 /* Build configuration list for PBXProject "Trip" */;
			developmentRegion = en;
			hasScannedForEncodings = 0;
			knownRegions = (
				en,
				Base,
			);
			mainGroup = 6A1B2C3D4E5F600100000030;
			minimizedProjectReferenceProxies = 1;
			preferredProjectObjectVersion = 77;
			productRefGroup = 6A1B2C3D4E5F600100000032 /* Products */;
			projectDirPath = "";
			projectRoot = "";
			targets = (
				6A1B2C3D4E5F600100000040 /* Trip */,
				6A1B2C3D4E5F600100000097 /* TripWidget */,
			);
		};
/* End PBXProject section */

/* Begin PBXResourcesBuildPhase section */
		6A1B2C3D4E5F600100000042 /* Resources */ = {
			isa = PBXResourcesBuildPhase;
			buildActionMask = 2147483647;
			files = (
				6A1B2C3D4E5F600100000005 /* Assets.xcassets in Resources */,
			);
			runOnlyForDeploymentPostprocessing = 0;
		};
		6A1B2C3D4E5F60010000009E /* Resources */ = {
			isa = PBXResourcesBuildPhase;
			buildActionMask = 2147483647;
			files = (
			);
			runOnlyForDeploymentPostprocessing = 0;
		};
/* End PBXResourcesBuildPhase section */

/* Begin PBXShellScriptBuildPhase section */
		6A1B2C3D4E5F6001000000A2 /* Clean Widget Signing Attributes */ = {
			isa = PBXShellScriptBuildPhase;
			alwaysOutOfDate = 1;
			buildActionMask = 2147483647;
			files = (
			);
			inputFileListPaths = (
			);
			inputPaths = (
			);
			name = "Clean Widget Signing Attributes";
			outputFileListPaths = (
			);
			outputPaths = (
			);
			runOnlyForDeploymentPostprocessing = 0;
			shellPath = /bin/sh;
			shellScript = "if [ -n \"$TARGET_BUILD_DIR\" ] && [ -n \"$WRAPPER_NAME\" ]; then\n    /usr/bin/xattr -cr \"$TARGET_BUILD_DIR/$WRAPPER_NAME\" || true\nfi\n";
		};
		6A1B2C3D4E5F6001000000A3 /* Clean App Signing Attributes */ = {
			isa = PBXShellScriptBuildPhase;
			alwaysOutOfDate = 1;
			buildActionMask = 2147483647;
			files = (
			);
			inputFileListPaths = (
			);
			inputPaths = (
			);
			name = "Clean App Signing Attributes";
			outputFileListPaths = (
			);
			outputPaths = (
			);
			runOnlyForDeploymentPostprocessing = 0;
			shellPath = /bin/sh;
			shellScript = "if [ -n \"$TARGET_BUILD_DIR\" ] && [ -n \"$WRAPPER_NAME\" ]; then\n    /usr/bin/xattr -cr \"$TARGET_BUILD_DIR/$WRAPPER_NAME\" || true\nfi\n";
		};
/* End PBXShellScriptBuildPhase section */

/* Begin PBXSourcesBuildPhase section */
		6A1B2C3D4E5F600100000041 /* Sources */ = {
			isa = PBXSourcesBuildPhase;
			buildActionMask = 2147483647;
			files = (
				6A1B2C3D4E5F600100000001 /* TripApp.swift in Sources */,
				6A1B2C3D4E5F600100000002 /* ContentView.swift in Sources */,
				6A1B2C3D4E5F6001000000B0 /* TripWorkspaceViews.swift in Sources */,
				6A1B2C3D4E5F6001000000B1 /* PlanViews.swift in Sources */,
				6A1B2C3D4E5F6001000000B2 /* TripsViews.swift in Sources */,
				6A1B2C3D4E5F6001000000B3 /* ExpenseViews.swift in Sources */,
				6A1B2C3D4E5F6001000000B4 /* AppStyle.swift in Sources */,
				6A1B2C3D4E5F6001000000B5 /* CitySearchStore.swift in Sources */,
				6A1B2C3D4E5F600100000003 /* Models.swift in Sources */,
				6A1B2C3D4E5F600100000004 /* ItineraryData.swift in Sources */,
			);
			runOnlyForDeploymentPostprocessing = 0;
		};
		6A1B2C3D4E5F60010000009D /* Sources */ = {
			isa = PBXSourcesBuildPhase;
			buildActionMask = 2147483647;
			files = (
				6A1B2C3D4E5F600100000092 /* TripWidget.swift in Sources */,
				6A1B2C3D4E5F600100000094 /* Models.swift in Sources */,
				6A1B2C3D4E5F600100000095 /* ItineraryData.swift in Sources */,
			);
			runOnlyForDeploymentPostprocessing = 0;
		};
/* End PBXSourcesBuildPhase section */

/* Begin PBXTargetDependency section */
		6A1B2C3D4E5F60010000009B /* PBXTargetDependency */ = {
			isa = PBXTargetDependency;
			target = 6A1B2C3D4E5F600100000097 /* TripWidget */;
			targetProxy = 6A1B2C3D4E5F600100000096 /* PBXContainerItemProxy */;
		};
/* End PBXTargetDependency section */

/* Begin XCBuildConfiguration section */
		6A1B2C3D4E5F600100000070 /* Debug */ = {
			isa = XCBuildConfiguration;
			buildSettings = {
				ALWAYS_SEARCH_USER_PATHS = NO;
				ASSETCATALOG_COMPILER_GENERATE_SWIFT_ASSET_SYMBOL_EXTENSIONS = YES;
				CLANG_ANALYZER_NONNULL = YES;
				CLANG_ANALYZER_NUMBER_OBJECT_CONVERSION = YES_AGGRESSIVE;
				CLANG_CXX_LANGUAGE_STANDARD = "gnu++20";
				CLANG_ENABLE_MODULES = YES;
				CLANG_ENABLE_OBJC_ARC = YES;
				CLANG_ENABLE_OBJC_WEAK = YES;
				CLANG_WARN_BLOCK_CAPTURE_AUTORELEASING = YES;
				CLANG_WARN_BOOL_CONVERSION = YES;
				CLANG_WARN_COMMA = YES;
				CLANG_WARN_CONSTANT_CONVERSION = YES;
				CLANG_WARN_DEPRECATED_OBJC_IMPLEMENTATIONS = YES;
				CLANG_WARN_DIRECT_OBJC_ISA_USAGE = YES_ERROR;
				CLANG_WARN_DOCUMENTATION_COMMENTS = YES;
				CLANG_WARN_EMPTY_BODY = YES;
				CLANG_WARN_ENUM_CONVERSION = YES;
				CLANG_WARN_INFINITE_RECURSION = YES;
				CLANG_WARN_INT_CONVERSION = YES;
				CLANG_WARN_NON_LITERAL_NULL_CONVERSION = YES;
				CLANG_WARN_OBJC_IMPLICIT_RETAIN_SELF = YES;
				CLANG_WARN_OBJC_LITERAL_CONVERSION = YES;
				CLANG_WARN_OBJC_ROOT_CLASS = YES_ERROR;
				CLANG_WARN_QUOTED_INCLUDE_IN_FRAMEWORK_HEADER = YES;
				CLANG_WARN_RANGE_LOOP_ANALYSIS = YES;
				CLANG_WARN_STRICT_PROTOTYPES = YES;
				CLANG_WARN_SUSPICIOUS_MOVE = YES;
				CLANG_WARN_UNGUARDED_AVAILABILITY = YES_AGGRESSIVE;
				CLANG_WARN_UNREACHABLE_CODE = YES;
				CLANG_WARN__DUPLICATE_METHOD_MATCH = YES;
				COPY_PHASE_STRIP = NO;
				DEBUG_INFORMATION_FORMAT = dwarf;
				ENABLE_STRICT_OBJC_MSGSEND = YES;
				ENABLE_TESTABILITY = YES;
				ENABLE_USER_SCRIPT_SANDBOXING = YES;
				GCC_C_LANGUAGE_STANDARD = gnu17;
				GCC_DYNAMIC_NO_PIC = NO;
				GCC_NO_COMMON_BLOCKS = YES;
				GCC_OPTIMIZATION_LEVEL = 0;
				GCC_PREPROCESSOR_DEFINITIONS = (
					"DEBUG=1",
					"$(inherited)",
				);
				GCC_WARN_64_TO_32_BIT_CONVERSION = YES;
				GCC_WARN_ABOUT_RETURN_TYPE = YES_ERROR;
				GCC_WARN_UNDECLARED_SELECTOR = YES;
				GCC_WARN_UNINITIALIZED_AUTOS = YES_AGGRESSIVE;
				GCC_WARN_UNUSED_FUNCTION = YES;
				GCC_WARN_UNUSED_VARIABLE = YES;
				IPHONEOS_DEPLOYMENT_TARGET = 17.0;
				LOCALIZATION_PREFERS_STRING_CATALOGS = YES;
				MTL_ENABLE_DEBUG_INFO = INCLUDE_SOURCE;
				MTL_FAST_MATH = YES;
				ONLY_ACTIVE_ARCH = YES;
				SDKROOT = iphoneos;
				SWIFT_ACTIVE_COMPILATION_CONDITIONS = "DEBUG $(inherited)";
				SWIFT_OPTIMIZATION_LEVEL = "-Onone";
			};
			name = Debug;
		};
		6A1B2C3D4E5F600100000071 /* Release */ = {
			isa = XCBuildConfiguration;
			buildSettings = {
				ALWAYS_SEARCH_USER_PATHS = NO;
				ASSETCATALOG_COMPILER_GENERATE_SWIFT_ASSET_SYMBOL_EXTENSIONS = YES;
				CLANG_ANALYZER_NONNULL = YES;
				CLANG_ANALYZER_NUMBER_OBJECT_CONVERSION = YES_AGGRESSIVE;
				CLANG_CXX_LANGUAGE_STANDARD = "gnu++20";
				CLANG_ENABLE_MODULES = YES;
				CLANG_ENABLE_OBJC_ARC = YES;
				CLANG_ENABLE_OBJC_WEAK = YES;
				CLANG_WARN_BLOCK_CAPTURE_AUTORELEASING = YES;
				CLANG_WARN_BOOL_CONVERSION = YES;
				CLANG_WARN_COMMA = YES;
				CLANG_WARN_CONSTANT_CONVERSION = YES;
				CLANG_WARN_DEPRECATED_OBJC_IMPLEMENTATIONS = YES;
				CLANG_WARN_DIRECT_OBJC_ISA_USAGE = YES_ERROR;
				CLANG_WARN_DOCUMENTATION_COMMENTS = YES;
				CLANG_WARN_EMPTY_BODY = YES;
				CLANG_WARN_ENUM_CONVERSION = YES;
				CLANG_WARN_INFINITE_RECURSION = YES;
				CLANG_WARN_INT_CONVERSION = YES;
				CLANG_WARN_NON_LITERAL_NULL_CONVERSION = YES;
				CLANG_WARN_OBJC_IMPLICIT_RETAIN_SELF = YES;
				CLANG_WARN_OBJC_LITERAL_CONVERSION = YES;
				CLANG_WARN_OBJC_ROOT_CLASS = YES_ERROR;
				CLANG_WARN_QUOTED_INCLUDE_IN_FRAMEWORK_HEADER = YES;
				CLANG_WARN_RANGE_LOOP_ANALYSIS = YES;
				CLANG_WARN_STRICT_PROTOTYPES = YES;
				CLANG_WARN_SUSPICIOUS_MOVE = YES;
				CLANG_WARN_UNGUARDED_AVAILABILITY = YES_AGGRESSIVE;
				CLANG_WARN_UNREACHABLE_CODE = YES;
				CLANG_WARN__DUPLICATE_METHOD_MATCH = YES;
				COPY_PHASE_STRIP = NO;
				DEBUG_INFORMATION_FORMAT = "dwarf-with-dsym";
				ENABLE_NS_ASSERTIONS = NO;
				ENABLE_STRICT_OBJC_MSGSEND = YES;
				ENABLE_USER_SCRIPT_SANDBOXING = YES;
				GCC_C_LANGUAGE_STANDARD = gnu17;
				GCC_NO_COMMON_BLOCKS = YES;
				GCC_WARN_64_TO_32_BIT_CONVERSION = YES;
				GCC_WARN_ABOUT_RETURN_TYPE = YES_ERROR;
				GCC_WARN_UNDECLARED_SELECTOR = YES;
				GCC_WARN_UNINITIALIZED_AUTOS = YES_AGGRESSIVE;
				GCC_WARN_UNUSED_FUNCTION = YES;
				GCC_WARN_UNUSED_VARIABLE = YES;
				IPHONEOS_DEPLOYMENT_TARGET = 17.0;
				LOCALIZATION_PREFERS_STRING_CATALOGS = YES;
				MTL_ENABLE_DEBUG_INFO = NO;
				MTL_FAST_MATH = YES;
				SDKROOT = iphoneos;
				SWIFT_COMPILATION_MODE = wholemodule;
				VALIDATE_PRODUCT = YES;
			};
			name = Release;
		};
		6A1B2C3D4E5F600100000080 /* Debug */ = {
			isa = XCBuildConfiguration;
			buildSettings = {
				ASSETCATALOG_COMPILER_APPICON_NAME = AppIcon;
				ASSETCATALOG_COMPILER_GLOBAL_ACCENT_COLOR_NAME = AccentColor;
				CODE_SIGN_ENTITLEMENTS = Trip/Trip.entitlements;
				CODE_SIGN_STYLE = Automatic;
				CURRENT_PROJECT_VERSION = 1;
				DEVELOPMENT_ASSET_PATHS = "";
				DEVELOPMENT_TEAM = LM3CWDSTFW;
				ENABLE_PREVIEWS = YES;
				ENABLE_USER_SCRIPT_SANDBOXING = NO;
				GENERATE_INFOPLIST_FILE = YES;
				INFOPLIST_KEY_CFBundleDisplayName = Trip;
				INFOPLIST_KEY_LSApplicationCategoryType = "public.app-category.travel";
				INFOPLIST_KEY_UIApplicationSceneManifest_Generation = YES;
				INFOPLIST_KEY_UIApplicationSupportsIndirectInputEvents = YES;
				INFOPLIST_KEY_UILaunchScreen_Generation = YES;
				INFOPLIST_KEY_UISupportedInterfaceOrientations_iPad = "UIInterfaceOrientationPortrait UIInterfaceOrientationPortraitUpsideDown UIInterfaceOrientationLandscapeLeft UIInterfaceOrientationLandscapeRight";
				INFOPLIST_KEY_UISupportedInterfaceOrientations_iPhone = UIInterfaceOrientationPortrait;
				IPHONEOS_DEPLOYMENT_TARGET = 17.0;
				LD_RUNPATH_SEARCH_PATHS = (
					"$(inherited)",
					"@executable_path/Frameworks",
				);
				MARKETING_VERSION = 1.0;
				PRODUCT_BUNDLE_IDENTIFIER = com.alisa.trip;
				PRODUCT_NAME = "$(TARGET_NAME)";
				SWIFT_EMIT_LOC_STRINGS = YES;
				SWIFT_VERSION = 5.0;
				TARGETED_DEVICE_FAMILY = "1,2";
			};
			name = Debug;
		};
		6A1B2C3D4E5F600100000081 /* Release */ = {
			isa = XCBuildConfiguration;
			buildSettings = {
				ASSETCATALOG_COMPILER_APPICON_NAME = AppIcon;
				ASSETCATALOG_COMPILER_GLOBAL_ACCENT_COLOR_NAME = AccentColor;
				CODE_SIGN_ENTITLEMENTS = Trip/Trip.entitlements;
				CODE_SIGN_STYLE = Automatic;
				CURRENT_PROJECT_VERSION = 1;
				DEVELOPMENT_ASSET_PATHS = "";
				DEVELOPMENT_TEAM = LM3CWDSTFW;
				ENABLE_USER_SCRIPT_SANDBOXING = NO;
				GENERATE_INFOPLIST_FILE = YES;
				INFOPLIST_KEY_CFBundleDisplayName = Trip;
				INFOPLIST_KEY_LSApplicationCategoryType = "public.app-category.travel";
				INFOPLIST_KEY_UIApplicationSceneManifest_Generation = YES;
				INFOPLIST_KEY_UIApplicationSupportsIndirectInputEvents = YES;
				INFOPLIST_KEY_UILaunchScreen_Generation = YES;
				INFOPLIST_KEY_UISupportedInterfaceOrientations_iPad = "UIInterfaceOrientationPortrait UIInterfaceOrientationPortraitUpsideDown UIInterfaceOrientationLandscapeLeft UIInterfaceOrientationLandscapeRight";
				INFOPLIST_KEY_UISupportedInterfaceOrientations_iPhone = UIInterfaceOrientationPortrait;
				IPHONEOS_DEPLOYMENT_TARGET = 17.0;
				LD_RUNPATH_SEARCH_PATHS = (
					"$(inherited)",
					"@executable_path/Frameworks",
				);
				MARKETING_VERSION = 1.0;
				PRODUCT_BUNDLE_IDENTIFIER = com.alisa.trip;
				PRODUCT_NAME = "$(TARGET_NAME)";
				SWIFT_EMIT_LOC_STRINGS = YES;
				SWIFT_VERSION = 5.0;
				TARGETED_DEVICE_FAMILY = "1,2";
			};
			name = Release;
		};
		6A1B2C3D4E5F60010000009F /* Debug */ = {
			isa = XCBuildConfiguration;
			buildSettings = {
				APPLICATION_EXTENSION_API_ONLY = YES;
				CODE_SIGN_ENTITLEMENTS = TripWidget/TripWidget.entitlements;
				CODE_SIGN_STYLE = Automatic;
				CURRENT_PROJECT_VERSION = 1;
				DEVELOPMENT_TEAM = LM3CWDSTFW;
				ENABLE_PREVIEWS = YES;
				ENABLE_USER_SCRIPT_SANDBOXING = NO;
				GENERATE_INFOPLIST_FILE = NO;
				INFOPLIST_FILE = TripWidget/Info.plist;
				IPHONEOS_DEPLOYMENT_TARGET = 17.0;
				LD_RUNPATH_SEARCH_PATHS = (
					"$(inherited)",
					"@executable_path/Frameworks",
					"@executable_path/../../Frameworks",
				);
				MARKETING_VERSION = 1.0;
				PRODUCT_BUNDLE_IDENTIFIER = com.alisa.trip.TripWidget;
				PRODUCT_NAME = "$(TARGET_NAME)";
				SKIP_INSTALL = YES;
				SWIFT_EMIT_LOC_STRINGS = YES;
				SWIFT_VERSION = 5.0;
				TARGETED_DEVICE_FAMILY = "1,2";
			};
			name = Debug;
		};
		6A1B2C3D4E5F6001000000A0 /* Release */ = {
			isa = XCBuildConfiguration;
			buildSettings = {
				APPLICATION_EXTENSION_API_ONLY = YES;
				CODE_SIGN_ENTITLEMENTS = TripWidget/TripWidget.entitlements;
				CODE_SIGN_STYLE = Automatic;
				CURRENT_PROJECT_VERSION = 1;
				DEVELOPMENT_TEAM = LM3CWDSTFW;
				ENABLE_USER_SCRIPT_SANDBOXING = NO;
				GENERATE_INFOPLIST_FILE = NO;
				INFOPLIST_FILE = TripWidget/Info.plist;
				IPHONEOS_DEPLOYMENT_TARGET = 17.0;
				LD_RUNPATH_SEARCH_PATHS = (
					"$(inherited)",
					"@executable_path/Frameworks",
					"@executable_path/../../Frameworks",
				);
				MARKETING_VERSION = 1.0;
				PRODUCT_BUNDLE_IDENTIFIER = com.alisa.trip.TripWidget;
				PRODUCT_NAME = "$(TARGET_NAME)";
				SKIP_INSTALL = YES;
				SWIFT_EMIT_LOC_STRINGS = YES;
				SWIFT_VERSION = 5.0;
				TARGETED_DEVICE_FAMILY = "1,2";
			};
			name = Release;
		};
/* End XCBuildConfiguration section */

/* Begin XCConfigurationList section */
		6A1B2C3D4E5F600100000050 /* Build configuration list for PBXNativeTarget "Trip" */ = {
			isa = XCConfigurationList;
			buildConfigurations = (
				6A1B2C3D4E5F600100000080 /* Debug */,
				6A1B2C3D4E5F600100000081 /* Release */,
			);
			defaultConfigurationIsVisible = 0;
			defaultConfigurationName = Release;
		};
		6A1B2C3D4E5F600100000061 /* Build configuration list for PBXProject "Trip" */ = {
			isa = XCConfigurationList;
			buildConfigurations = (
				6A1B2C3D4E5F600100000070 /* Debug */,
				6A1B2C3D4E5F600100000071 /* Release */,
			);
			defaultConfigurationIsVisible = 0;
			defaultConfigurationName = Release;
		};
		6A1B2C3D4E5F60010000009C /* Build configuration list for PBXNativeTarget "TripWidget" */ = {
			isa = XCConfigurationList;
			buildConfigurations = (
				6A1B2C3D4E5F60010000009F /* Debug */,
				6A1B2C3D4E5F6001000000A0 /* Release */,
			);
			defaultConfigurationIsVisible = 0;
			defaultConfigurationName = Release;
		};
/* End XCConfigurationList section */
	};
	rootObject = 6A1B2C3D4E5F600100000060 /* Project object */;
}
